
Microsoft Visual Studio Solution File, Format Version 12.00
# Visual Studio Version 17
VisualStudioVersion = 17.11.35312.102
MinimumVisualStudioVersion = 10.0.40219.1
Project("{FAE04EC0-301F-11D3-BF4B-00C04F79EFBC}") = "practicaEcomm", "practicaEcomm\practicaEcomm.csproj", "{2A28D0EF-5BFC-49F2-AF0C-F9769BAFBC2C}"
EndProject
Global
	GlobalSection(SolutionConfigurationPlatforms) = preSolution
		Debug|Any CPU = Debug|Any CPU
		Release|Any CPU = Release|Any CPU
	EndGlobalSection
	GlobalSection(ProjectConfigurationPlatforms) = postSolution
		{2A28D0EF-5BFC-49F2-AF0C-F9769BAFBC2C}.Debug|Any CPU.ActiveCfg = Debug|Any CPU
		{2A28D0EF-5BFC-49F2-AF0C-F9769BAFBC2C}.Debug|Any CPU.Build.0 = Debug|Any CPU
		{2A28D0EF-5BFC-49F2-AF0C-F9769BAFBC2C}.Release|Any CPU.ActiveCfg = Release|Any CPU
		{2A28D0EF-5BFC-49F2-AF0C-F9769BAFBC2C}.Release|Any CPU.Build.0 = Release|Any CPU
	EndGlobalSection
	GlobalSection(SolutionProperties) = preSolution
		HideSolutionNode = FALSE
	EndGlobalSection
	GlobalSection(ExtensibilityGlobals) = postSolution
		SolutionGuid = {6652C5F1-98AA-4E24-97F1-DAD6BE501D37}
	EndGlobalSection
EndGlobal
